
Microsoft Visual Studio Solution File, Format Version 12.00
# Visual Studio Version 17
VisualStudioVersion = 17.10.34916.146
MinimumVisualStudioVersion = 10.0.40219.1
Project("{FAE04EC0-301F-11D3-BF4B-00C04F79EFBC}") = "MomoApi", "WebApplication1\MomoApi.csproj", "{B77F1275-8BE9-411E-BE21-A64ADC164A98}"
EndProject
Project("{FAE04EC0-301F-11D3-BF4B-00C04F79EFBC}") = "MoMo", "MoMo\MoMo.csproj", "{A5881AEC-5419-4C7F-A021-23F0C3CF7F0B}"
EndProject
Global
	GlobalSection(SolutionConfigurationPlatforms) = preSolution
		Debug|Any CPU = Debug|Any CPU
		Release|Any CPU = Release|Any CPU
	EndGlobalSection
	GlobalSection(ProjectConfigurationPlatforms) = postSolution
		{B77F1275-8BE9-411E-BE21-A64ADC164A98}.Debug|Any CPU.ActiveCfg = Debug|Any CPU
		{B77F1275-8BE9-411E-BE21-A64ADC164A98}.Debug|Any CPU.Build.0 = Debug|Any CPU
		{B77F1275-8BE9-411E-BE21-A64ADC164A98}.Release|Any CPU.ActiveCfg = Release|Any CPU
		{B77F1275-8BE9-411E-BE21-A64ADC164A98}.Release|Any CPU.Build.0 = Release|Any CPU
		{A5881AEC-5419-4C7F-A021-23F0C3CF7F0B}.Debug|Any CPU.ActiveCfg = Debug|Any CPU
		{A5881AEC-5419-4C7F-A021-23F0C3CF7F0B}.Debug|Any CPU.Build.0 = Debug|Any CPU
		{A5881AEC-5419-4C7F-A021-23F0C3CF7F0B}.Release|Any CPU.ActiveCfg = Release|Any CPU
		{A5881AEC-5419-4C7F-A021-23F0C3CF7F0B}.Release|Any CPU.Build.0 = Release|Any CPU
	EndGlobalSection
	GlobalSection(SolutionProperties) = preSolution
		HideSolutionNode = FALSE
	EndGlobalSection
	GlobalSection(ExtensibilityGlobals) = postSolution
		SolutionGuid = {ED75DFA1-B2BD-4A7D-B489-D18F3D0B23C7}
	EndGlobalSection
EndGlobal
